
Microsoft Visual Studio Solution File, Format Version 12.00
# Visual Studio Version 16
VisualStudioVersion = 16.0.28803.156
MinimumVisualStudioVersion = 10.0.40219.1
Project("{8BC9CEB8-8B4A-11D0-8D11-00A0C91BC942}") = "Server", "Server\Server.vcxproj", "{B3EBBBA7-0D56-4CE7-A40B-FBA4AEC64D07}"
EndProject
Global
	GlobalSection(SolutionConfigurationPlatforms) = preSolution
		Debug|x64 = Debug|x64
		Debug|x86 = Debug|x86
		Release|x64 = Release|x64
		Release|x86 = Release|x86
	EndGlobalSection
	GlobalSection(ProjectConfigurationPlatforms) = postSolution
		{B3EBBBA7-0D56-4CE7-A40B-FBA4AEC64D07}.Debug|x64.ActiveCfg = Debug|x64
		{B3EBBBA7-0D56-4CE7-A40B-FBA4AEC64D07}.Debug|x64.Build.0 = Debug|x64
		{B3EBBBA7-0D56-4CE7-A40B-FBA4AEC64D07}.Debug|x86.ActiveCfg = Debug|Win32
		{B3EBBBA7-0D56-4CE7-A40B-FBA4AEC64D07}.Debug|x86.Build.0 = Debug|Win32
		{B3EBBBA7-0D56-4CE7-A40B-FBA4AEC64D07}.Release|x64.ActiveCfg = Release|x64
		{B3EBBBA7-0D56-4CE7-A40B-FBA4AEC64D07}.Release|x64.Build.0 = Release|x64
		{B3EBBBA7-0D56-4CE7-A40B-FBA4AEC64D07}.Release|x86.ActiveCfg = Release|Win32
		{B3EBBBA7-0D56-4CE7-A40B-FBA4AEC64D07}.Release|x86.Build.0 = Release|Win32
	EndGlobalSection
	GlobalSection(SolutionProperties) = preSolution
		HideSolutionNode = FALSE
	EndGlobalSection
	GlobalSection(ExtensibilityGlobals) = postSolution
		SolutionGuid = {08C10768-D4EA-44CA-95BB-4D119369FA50}
	EndGlobalSection
EndGlobal
